<Solution>
  <Project Path="ColorTransfer/ColorTransfer.csproj">
    <BuildDependency Project="ColorTransfer.Shader/ColorTransfer.Shader.vcxproj" />
  </Project>
  <Project Path="ColorTransfer.Shader/ColorTransfer.Shader.vcxproj">
    <BuildType Solution="*|*" Project="Release" />
    <Platform Solution="*|*" Project="Win32" />
  </Project>
  <Project Path="YukkuriMovieMaker.Generator/YukkuriMovieMaker.Generator/YukkuriMovieMaker.Generator.csproj" />
  <Project Path="YukkuriMovieMaker.Generator/YukkuriMovieMaker.Generator.Build/YukkuriMovieMaker.Generator.Build.csproj">
    <BuildType Solution="*|*" Project="Debug" />
    <Platform Solution="*|*" Project="Any CPU" />
  </Project>
</Solution>
